// !$*UTF8*$!
{
	archiveVersion = 1;
	classes = {
	};
	objectVersion = 46;
	objects = {

/* Begin PBXAggregateTarget section */
		8DB8DDA4DAA04DAB949AAF5B /* ZERO_CHECK */ = {
			isa = PBXAggregateTarget;
			buildConfigurationList = 0EE6397F638F4B94A0931E4F /* Build configuration list for PBXAggregateTarget "ZERO_CHECK" */;
			buildPhases = (
				A690E84F432B5A52B7674A79 /* Generate CMakeFiles/ZERO_CHECK */,
			);
			dependencies = (
			);
			name = ZERO_CHECK;
			productName = ZERO_CHECK;
		};
		A50A2245A79041DD8CB7946D /* install */ = {
			isa = PBXAggregateTarget;
			buildConfigurationList = AB4EE6B52C334B66843A8F89 /* Build configuration list for PBXAggregateTarget "install" */;
			buildPhases = (
				93426DA6A4AC2C2AC9CE883C /* CMake PostBuild Rules */,
			);
			dependencies = (
				BA56FDB49D724A8BBE9BCB64 /* PBXTargetDependency */,
			);
			name = install;
			productName = install;
		};
		DCCA56BC267D4828A6F05E0D /* ALL_BUILD */ = {
			isa = PBXAggregateTarget;
			buildConfigurationList = 47368F8C4A16442A828FFDC0 /* Build configuration list for PBXAggregateTarget "ALL_BUILD" */;
			buildPhases = (
				2A83C5B8EF5772634A984AA4 /* Generate CMakeFiles/ALL_BUILD */,
			);
			dependencies = (
				E63DB796B05249D08DB99B47 /* PBXTargetDependency */,
				2FF6F0E756D54E608E88208C /* PBXTargetDependency */,
			);
			name = ALL_BUILD;
			productName = ALL_BUILD;
		};
/* End PBXAggregateTarget section */

/* Begin PBXBuildFile section */
		3528E6DA86444D9D9A17EBFD /* /Users/tom-harvey/JUCE/extras/Build/juceaide/Main.cpp */ = {isa = PBXBuildFile; fileRef = FCFFFCD344104CD89DE33EE0 /* /Users/tom-harvey/JUCE/extras/Build/juceaide/Main.cpp */; };
		62A7B5B9555A440CBB9B4BE0 /* /Users/tom-harvey/JUCE/modules/juce_core/juce_core.mm */ = {isa = PBXBuildFile; fileRef = FAE82B6130F84E869824E631 /* /Users/tom-harvey/JUCE/modules/juce_core/juce_core.mm */; };
		6C0598501AAD4081A3590AF2 /* /Users/tom-harvey/JUCE/extras/Build/juce_build_tools/juce_build_tools.cpp */ = {isa = PBXBuildFile; fileRef = E0D3F4C4729542049776622D /* /Users/tom-harvey/JUCE/extras/Build/juce_build_tools/juce_build_tools.cpp */; };
		7462E9575E3A415C80CA8518 /* /Users/tom-harvey/JUCE/modules/juce_data_structures/juce_data_structures.mm */ = {isa = PBXBuildFile; fileRef = F010B2ACDEF04E9599C6342C /* /Users/tom-harvey/JUCE/modules/juce_data_structures/juce_data_structures.mm */; };
		8A5E3820CA4E485F8B94A87E /* /Users/tom-harvey/JUCE/modules/juce_gui_basics/juce_gui_basics.mm */ = {isa = PBXBuildFile; fileRef = D896FBCA77954232BCEB03BD /* /Users/tom-harvey/JUCE/modules/juce_gui_basics/juce_gui_basics.mm */; };
		8CC793654B694AA195C086D9 /* /Users/tom-harvey/JUCE/modules/juce_events/juce_events.mm */ = {isa = PBXBuildFile; fileRef = 13B7EC7B732F4E4CAD650225 /* /Users/tom-harvey/JUCE/modules/juce_events/juce_events.mm */; };
		CB3745C796764F8C83D7CA7F /* /Users/tom-harvey/JUCE/extras/Build/juceaide/CMakeLists.txt */ = {isa = PBXBuildFile; fileRef = 372BC7CB511D4B52831E419A /* /Users/tom-harvey/JUCE/extras/Build/juceaide/CMakeLists.txt */; };
		CCC8433027334EEDB1C26E30 /* /Users/tom-harvey/JUCE/modules/juce_graphics/juce_graphics.mm */ = {isa = PBXBuildFile; fileRef = 07B4C92819DD402588D86240 /* /Users/tom-harvey/JUCE/modules/juce_graphics/juce_graphics.mm */; };
/* End PBXBuildFile section */

/* Begin PBXBuildStyle section */
		3D54B1C063E0463B960A8FEB /* Release */ = {
			isa = PBXBuildStyle;
			buildSettings = {
				COPY_PHASE_STRIP = NO;
			};
			name = Release;
		};
		4EE73052C02B42F3AA6D75F6 /* RelWithDebInfo */ = {
			isa = PBXBuildStyle;
			buildSettings = {
				COPY_PHASE_STRIP = NO;
			};
			name = RelWithDebInfo;
		};
		52867A34EC734F13B1EFF610 /* Debug */ = {
			isa = PBXBuildStyle;
			buildSettings = {
				COPY_PHASE_STRIP = NO;
			};
			name = Debug;
		};
		65F6DF2A25054755AFABEC5A /* MinSizeRel */ = {
			isa = PBXBuildStyle;
			buildSettings = {
				COPY_PHASE_STRIP = NO;
			};
			name = MinSizeRel;
		};
/* End PBXBuildStyle section */

/* Begin PBXContainerItemProxy section */
		183F2BE4C082473F9C04F9B8 /* PBXContainerItemProxy */ = {
			isa = PBXContainerItemProxy;
			containerPortal = CF777FD37B274C4D98E65F3E /* Project object */;
			proxyType = 1;
			remoteGlobalIDString = 8DB8DDA4DAA04DAB949AAF5B;
			remoteInfo = ZERO_CHECK;
		};
		31E6628F3CF042C09E5B726D /* PBXContainerItemProxy */ = {
			isa = PBXContainerItemProxy;
			containerPortal = CF777FD37B274C4D98E65F3E /* Project object */;
			proxyType = 1;
			remoteGlobalIDString = EE13E1CBBAED4BCA88521B51;
			remoteInfo = juceaide;
		};
		9AA6CFED6B80462AA9F48EAF /* PBXContainerItemProxy */ = {
			isa = PBXContainerItemProxy;
			containerPortal = CF777FD37B274C4D98E65F3E /* Project object */;
			proxyType = 1;
			remoteGlobalIDString = 8DB8DDA4DAA04DAB949AAF5B;
			remoteInfo = ZERO_CHECK;
		};
		ED9194C5FC0A4585871C1F8C /* PBXContainerItemProxy */ = {
			isa = PBXContainerItemProxy;
			containerPortal = CF777FD37B274C4D98E65F3E /* Project object */;
			proxyType = 1;
			remoteGlobalIDString = DCCA56BC267D4828A6F05E0D;
			remoteInfo = ALL_BUILD;
		};
/* End PBXContainerItemProxy section */

/* Begin PBXFileReference section */
		07B4C92819DD402588D86240 /* /Users/tom-harvey/JUCE/modules/juce_graphics/juce_graphics.mm */ = {isa = PBXFileReference; explicitFileType = sourcecode.cpp.objcpp; fileEncoding = 4; name = juce_graphics.mm; path = modules/juce_graphics/juce_graphics.mm; sourceTree = SOURCE_ROOT; };
		13B7EC7B732F4E4CAD650225 /* /Users/tom-harvey/JUCE/modules/juce_events/juce_events.mm */ = {isa = PBXFileReference; explicitFileType = sourcecode.cpp.objcpp; fileEncoding = 4; name = juce_events.mm; path = modules/juce_events/juce_events.mm; sourceTree = SOURCE_ROOT; };
		372BC7CB511D4B52831E419A /* /Users/tom-harvey/JUCE/extras/Build/juceaide/CMakeLists.txt */ = {isa = PBXFileReference; explicitFileType = sourcecode.text; fileEncoding = 4; name = CMakeLists.txt; path = extras/Build/juceaide/CMakeLists.txt; sourceTree = SOURCE_ROOT; };
		991715B3724043CCA4DF4627 /* juceaide */ = {isa = PBXFileReference; explicitFileType = "compiled.mach-o.executable"; path = juceaide; sourceTree = BUILT_PRODUCTS_DIR; };
		D896FBCA77954232BCEB03BD /* /Users/tom-harvey/JUCE/modules/juce_gui_basics/juce_gui_basics.mm */ = {isa = PBXFileReference; explicitFileType = sourcecode.cpp.objcpp; fileEncoding = 4; name = juce_gui_basics.mm; path = modules/juce_gui_basics/juce_gui_basics.mm; sourceTree = SOURCE_ROOT; };
		DF37157177E547C0BDE7AE17 /* /Users/tom-harvey/JUCE/CMakeLists.txt */ = {isa = PBXFileReference; explicitFileType = sourcecode.text; fileEncoding = 4; name = CMakeLists.txt; path = CMakeLists.txt; sourceTree = SOURCE_ROOT; };
		E0D3F4C4729542049776622D /* /Users/tom-harvey/JUCE/extras/Build/juce_build_tools/juce_build_tools.cpp */ = {isa = PBXFileReference; explicitFileType = sourcecode.cpp.cpp; fileEncoding = 4; name = juce_build_tools.cpp; path = extras/Build/juce_build_tools/juce_build_tools.cpp; sourceTree = SOURCE_ROOT; };
		F010B2ACDEF04E9599C6342C /* /Users/tom-harvey/JUCE/modules/juce_data_structures/juce_data_structures.mm */ = {isa = PBXFileReference; explicitFileType = sourcecode.cpp.objcpp; fileEncoding = 4; name = juce_data_structures.mm; path = modules/juce_data_structures/juce_data_structures.mm; sourceTree = SOURCE_ROOT; };
		FAE82B6130F84E869824E631 /* /Users/tom-harvey/JUCE/modules/juce_core/juce_core.mm */ = {isa = PBXFileReference; explicitFileType = sourcecode.cpp.objcpp; fileEncoding = 4; name = juce_core.mm; path = modules/juce_core/juce_core.mm; sourceTree = SOURCE_ROOT; };
		FCFFFCD344104CD89DE33EE0 /* /Users/tom-harvey/JUCE/extras/Build/juceaide/Main.cpp */ = {isa = PBXFileReference; explicitFileType = sourcecode.cpp.cpp; fileEncoding = 4; name = Main.cpp; path = extras/Build/juceaide/Main.cpp; sourceTree = SOURCE_ROOT; };
/* End PBXFileReference section */

/* Begin PBXFrameworksBuildPhase section */
		0310CC5893244076BDF3759D /* Frameworks */ = {
			isa = PBXFrameworksBuildPhase;
			buildActionMask = 2147483647;
			files = (
			);
			runOnlyForDeploymentPostprocessing = 0;
		};
/* End PBXFrameworksBuildPhase section */

/* Begin PBXGroup section */
		2A991FE20B354646829F52CD /* Frameworks */ = {
			isa = PBXGroup;
			children = (
			);
			name = Frameworks;
			sourceTree = "<group>";
		};
		2E379BFCC2BD4C0D90F7E799 /* ALL_BUILD */ = {
			isa = PBXGroup;
			children = (
				CDB66E3EDF17453DBC461A16 /* CMake Rules */,
				DF37157177E547C0BDE7AE17 /* /Users/tom-harvey/JUCE/CMakeLists.txt */,
			);
			name = ALL_BUILD;
			sourceTree = "<group>";
		};
		43CF168D7E894ACC99BC8C5C /* Source Files */ = {
			isa = PBXGroup;
			children = (
				E0D3F4C4729542049776622D /* /Users/tom-harvey/JUCE/extras/Build/juce_build_tools/juce_build_tools.cpp */,
				FCFFFCD344104CD89DE33EE0 /* /Users/tom-harvey/JUCE/extras/Build/juceaide/Main.cpp */,
				FAE82B6130F84E869824E631 /* /Users/tom-harvey/JUCE/modules/juce_core/juce_core.mm */,
				F010B2ACDEF04E9599C6342C /* /Users/tom-harvey/JUCE/modules/juce_data_structures/juce_data_structures.mm */,
				13B7EC7B732F4E4CAD650225 /* /Users/tom-harvey/JUCE/modules/juce_events/juce_events.mm */,
				07B4C92819DD402588D86240 /* /Users/tom-harvey/JUCE/modules/juce_graphics/juce_graphics.mm */,
				D896FBCA77954232BCEB03BD /* /Users/tom-harvey/JUCE/modules/juce_gui_basics/juce_gui_basics.mm */,
			);
			name = "Source Files";
			sourceTree = "<group>";
		};
		5E3BF523E38346E68146C956 /* Products */ = {
			isa = PBXGroup;
			children = (
				991715B3724043CCA4DF4627 /* juceaide */,
			);
			name = Products;
			sourceTree = "<group>";
		};
		849E06991B604D44ADE4D273 = {
			isa = PBXGroup;
			children = (
				2E379BFCC2BD4C0D90F7E799 /* ALL_BUILD */,
				EA925B5AAB1645CA8970171C /* juceaide */,
				5E3BF523E38346E68146C956 /* Products */,
				2A991FE20B354646829F52CD /* Frameworks */,
			);
			sourceTree = "<group>";
		};
		CDB66E3EDF17453DBC461A16 /* CMake Rules */ = {
			isa = PBXGroup;
			children = (
			);
			name = "CMake Rules";
			sourceTree = "<group>";
		};
		EA925B5AAB1645CA8970171C /* juceaide */ = {
			isa = PBXGroup;
			children = (
				43CF168D7E894ACC99BC8C5C /* Source Files */,
				372BC7CB511D4B52831E419A /* /Users/tom-harvey/JUCE/extras/Build/juceaide/CMakeLists.txt */,
			);
			name = juceaide;
			sourceTree = "<group>";
		};
/* End PBXGroup section */

/* Begin PBXNativeTarget section */
		EE13E1CBBAED4BCA88521B51 /* juceaide */ = {
			isa = PBXNativeTarget;
			buildConfigurationList = E63276DB7F664C9D88680349 /* Build configuration list for PBXNativeTarget "juceaide" */;
			buildPhases = (
				22443AD15DCC4DBA80476AD0 /* Sources */,
				0310CC5893244076BDF3759D /* Frameworks */,
			);
			buildRules = (
			);
			dependencies = (
				84F29C391B054D3BABCE6D35 /* PBXTargetDependency */,
			);
			name = juceaide;
			productName = juceaide;
			productReference = 991715B3724043CCA4DF4627 /* juceaide */;
			productType = "com.apple.product-type.tool";
		};
/* End PBXNativeTarget section */

/* Begin PBXProject section */
		CF777FD37B274C4D98E65F3E /* Project object */ = {
			isa = PBXProject;
			attributes = {
				BuildIndependentTargetsInParallel = YES;
				LastUpgradeCheck = 1240;
			};
			buildConfigurationList = 30E545A1BE7A47C4BC2B4390 /* Build configuration list for PBXProject "JUCE" */;
			buildSettings = {
			};
			buildStyles = (
				52867A34EC734F13B1EFF610 /* Debug */,
				3D54B1C063E0463B960A8FEB /* Release */,
				65F6DF2A25054755AFABEC5A /* MinSizeRel */,
				4EE73052C02B42F3AA6D75F6 /* RelWithDebInfo */,
			);
			compatibilityVersion = "Xcode 3.2";
			hasScannedForEncodings = 0;
			mainGroup = 849E06991B604D44ADE4D273;
			projectDirPath = "/Users/tom-harvey/JUCE";
			projectRoot = "";
			targets = (
				DCCA56BC267D4828A6F05E0D /* ALL_BUILD */,
				8DB8DDA4DAA04DAB949AAF5B /* ZERO_CHECK */,
				A50A2245A79041DD8CB7946D /* install */,
				EE13E1CBBAED4BCA88521B51 /* juceaide */,
			);
		};
/* End PBXProject section */

/* Begin PBXShellScriptBuildPhase section */
		2A83C5B8EF5772634A984AA4 /* Generate CMakeFiles/ALL_BUILD */ = {
			isa = PBXShellScriptBuildPhase;
			alwaysOutOfDate = 1;
			buildActionMask = 2147483647;
			files = (
			);
			inputPaths = (
			);
			name = "Generate CMakeFiles/ALL_BUILD";
			outputPaths = (
"/Users/tom-harvey/dev/JazzBot/MidiFileGenerator/xcode/JUCE/tools/CMakeFiles/ALL_BUILD"			);
			runOnlyForDeploymentPostprocessing = 0;
			shellPath = /bin/sh;
			shellScript = "set -e
if test \"$CONFIGURATION\" = \"Debug\"; then :
  cd /Users/tom-harvey/dev/JazzBot/MidiFileGenerator/xcode/JUCE/tools
  echo Build\\ all\\ projects
fi
if test \"$CONFIGURATION\" = \"Release\"; then :
  cd /Users/tom-harvey/dev/JazzBot/MidiFileGenerator/xcode/JUCE/tools
  echo Build\\ all\\ projects
fi
if test \"$CONFIGURATION\" = \"MinSizeRel\"; then :
  cd /Users/tom-harvey/dev/JazzBot/MidiFileGenerator/xcode/JUCE/tools
  echo Build\\ all\\ projects
fi
if test \"$CONFIGURATION\" = \"RelWithDebInfo\"; then :
  cd /Users/tom-harvey/dev/JazzBot/MidiFileGenerator/xcode/JUCE/tools
  echo Build\\ all\\ projects
fi
";
			showEnvVarsInLog = 0;
		};
		3C0110FC8322DE7E50886E21 = {
			isa = PBXShellScriptBuildPhase;
			buildActionMask = 2147483647;
			files = (
			);
			inputPaths = (
			);
			outputPaths = (
			);
			runOnlyForDeploymentPostprocessing = 0;
			shellPath = /bin/sh;
			shellScript = "# shell script goes here
exit 0";
			showEnvVarsInLog = 0;
		};
		87AF4882E018677E2624B544 = {
			isa = PBXShellScriptBuildPhase;
			buildActionMask = 2147483647;
			files = (
			);
			inputPaths = (
			);
			outputPaths = (
			);
			runOnlyForDeploymentPostprocessing = 0;
			shellPath = /bin/sh;
			shellScript = "# shell script goes here
exit 0";
			showEnvVarsInLog = 0;
		};
		93426DA6A4AC2C2AC9CE883C /* CMake PostBuild Rules */ = {
			isa = PBXShellScriptBuildPhase;
			alwaysOutOfDate = 1;
			buildActionMask = 2147483647;
			files = (
			);
			name = "CMake PostBuild Rules";
			outputPaths = (
			);
			runOnlyForDeploymentPostprocessing = 0;
			shellPath = /bin/sh;
			shellScript = "set -e
if test \"$CONFIGURATION\" = \"Debug\"; then :
  cd /Users/tom-harvey/dev/JazzBot/MidiFileGenerator/xcode/JUCE/tools
  /Applications/CMake.app/Contents/bin/cmake -DBUILD_TYPE=$CONFIGURATION$EFFECTIVE_PLATFORM_NAME -P cmake_install.cmake
fi
if test \"$CONFIGURATION\" = \"Release\"; then :
  cd /Users/tom-harvey/dev/JazzBot/MidiFileGenerator/xcode/JUCE/tools
  /Applications/CMake.app/Contents/bin/cmake -DBUILD_TYPE=$CONFIGURATION$EFFECTIVE_PLATFORM_NAME -P cmake_install.cmake
fi
if test \"$CONFIGURATION\" = \"MinSizeRel\"; then :
  cd /Users/tom-harvey/dev/JazzBot/MidiFileGenerator/xcode/JUCE/tools
  /Applications/CMake.app/Contents/bin/cmake -DBUILD_TYPE=$CONFIGURATION$EFFECTIVE_PLATFORM_NAME -P cmake_install.cmake
fi
if test \"$CONFIGURATION\" = \"RelWithDebInfo\"; then :
  cd /Users/tom-harvey/dev/JazzBot/MidiFileGenerator/xcode/JUCE/tools
  /Applications/CMake.app/Contents/bin/cmake -DBUILD_TYPE=$CONFIGURATION$EFFECTIVE_PLATFORM_NAME -P cmake_install.cmake
fi
";
			showEnvVarsInLog = 0;
		};
		9B50530E35CC49C82C2FACCF = {
			isa = PBXShellScriptBuildPhase;
			buildActionMask = 2147483647;
			files = (
			);
			inputPaths = (
			);
			outputPaths = (
			);
			runOnlyForDeploymentPostprocessing = 0;
			shellPath = /bin/sh;
			shellScript = "# shell script goes here
exit 0";
			showEnvVarsInLog = 0;
		};
		A690E84F432B5A52B7674A79 /* Generate CMakeFiles/ZERO_CHECK */ = {
			isa = PBXShellScriptBuildPhase;
			alwaysOutOfDate = 1;
			buildActionMask = 2147483647;
			files = (
			);
			inputPaths = (
			);
			name = "Generate CMakeFiles/ZERO_CHECK";
			outputPaths = (
"/Users/tom-harvey/dev/JazzBot/MidiFileGenerator/xcode/JUCE/tools/CMakeFiles/ZERO_CHECK"			);
			runOnlyForDeploymentPostprocessing = 0;
			shellPath = /bin/sh;
			shellScript = "set -e
if test \"$CONFIGURATION\" = \"Debug\"; then :
  cd /Users/tom-harvey/dev/JazzBot/MidiFileGenerator/xcode/JUCE/tools
  make -f /Users/tom-harvey/dev/JazzBot/MidiFileGenerator/xcode/JUCE/tools/CMakeScripts/ReRunCMake.make
fi
if test \"$CONFIGURATION\" = \"Release\"; then :
  cd /Users/tom-harvey/dev/JazzBot/MidiFileGenerator/xcode/JUCE/tools
  make -f /Users/tom-harvey/dev/JazzBot/MidiFileGenerator/xcode/JUCE/tools/CMakeScripts/ReRunCMake.make
fi
if test \"$CONFIGURATION\" = \"MinSizeRel\"; then :
  cd /Users/tom-harvey/dev/JazzBot/MidiFileGenerator/xcode/JUCE/tools
  make -f /Users/tom-harvey/dev/JazzBot/MidiFileGenerator/xcode/JUCE/tools/CMakeScripts/ReRunCMake.make
fi
if test \"$CONFIGURATION\" = \"RelWithDebInfo\"; then :
  cd /Users/tom-harvey/dev/JazzBot/MidiFileGenerator/xcode/JUCE/tools
  make -f /Users/tom-harvey/dev/JazzBot/MidiFileGenerator/xcode/JUCE/tools/CMakeScripts/ReRunCMake.make
fi
";
			showEnvVarsInLog = 0;
		};
/* End PBXShellScriptBuildPhase section */

/* Begin PBXSourcesBuildPhase section */
		22443AD15DCC4DBA80476AD0 /* Sources */ = {
			isa = PBXSourcesBuildPhase;
			buildActionMask = 2147483647;
			files = (
				6C0598501AAD4081A3590AF2 /* /Users/tom-harvey/JUCE/extras/Build/juce_build_tools/juce_build_tools.cpp */,
				3528E6DA86444D9D9A17EBFD /* /Users/tom-harvey/JUCE/extras/Build/juceaide/Main.cpp */,
				62A7B5B9555A440CBB9B4BE0 /* /Users/tom-harvey/JUCE/modules/juce_core/juce_core.mm */,
				7462E9575E3A415C80CA8518 /* /Users/tom-harvey/JUCE/modules/juce_data_structures/juce_data_structures.mm */,
				8CC793654B694AA195C086D9 /* /Users/tom-harvey/JUCE/modules/juce_events/juce_events.mm */,
				CCC8433027334EEDB1C26E30 /* /Users/tom-harvey/JUCE/modules/juce_graphics/juce_graphics.mm */,
				8A5E3820CA4E485F8B94A87E /* /Users/tom-harvey/JUCE/modules/juce_gui_basics/juce_gui_basics.mm */,
			);
			runOnlyForDeploymentPostprocessing = 0;
		};
/* End PBXSourcesBuildPhase section */

/* Begin PBXTargetDependency section */
		2FF6F0E756D54E608E88208C /* PBXTargetDependency */ = {
			isa = PBXTargetDependency;
			target = EE13E1CBBAED4BCA88521B51 /* juceaide */;
			targetProxy = 31E6628F3CF042C09E5B726D /* PBXContainerItemProxy */;
		};
		84F29C391B054D3BABCE6D35 /* PBXTargetDependency */ = {
			isa = PBXTargetDependency;
			target = 8DB8DDA4DAA04DAB949AAF5B /* ZERO_CHECK */;
			targetProxy = 9AA6CFED6B80462AA9F48EAF /* PBXContainerItemProxy */;
		};
		BA56FDB49D724A8BBE9BCB64 /* PBXTargetDependency */ = {
			isa = PBXTargetDependency;
			target = DCCA56BC267D4828A6F05E0D /* ALL_BUILD */;
			targetProxy = ED9194C5FC0A4585871C1F8C /* PBXContainerItemProxy */;
		};
		E63DB796B05249D08DB99B47 /* PBXTargetDependency */ = {
			isa = PBXTargetDependency;
			target = 8DB8DDA4DAA04DAB949AAF5B /* ZERO_CHECK */;
			targetProxy = 183F2BE4C082473F9C04F9B8 /* PBXContainerItemProxy */;
		};
/* End PBXTargetDependency section */

/* Begin XCBuildConfiguration section */
		0082D7DABD26424494D2B992 /* RelWithDebInfo */ = {
			isa = XCBuildConfiguration;
			buildSettings = {
				COMBINE_HIDPI_IMAGES = YES;
				GCC_GENERATE_DEBUGGING_SYMBOLS = YES;
				GCC_INLINES_ARE_PRIVATE_EXTERN = NO;
				GCC_OPTIMIZATION_LEVEL = 0;
				GCC_PREPROCESSOR_DEFINITIONS = ("'CMAKE_INTDIR=\"$(CONFIGURATION)$(EFFECTIVE_PLATFORM_NAME)\"'");
				GCC_SYMBOLS_PRIVATE_EXTERN = NO;
				INSTALL_PATH = "";
				OTHER_LDFLAGS = ("");
				OTHER_REZFLAGS = "";
				PRODUCT_NAME = install;
				SECTORDER_FLAGS = "";
				SYMROOT = "/Users/tom-harvey/dev/JazzBot/MidiFileGenerator/xcode/JUCE/tools";
				USE_HEADERMAP = NO;
				WARNING_CFLAGS = ("$(inherited)");
			};
			name = RelWithDebInfo;
		};
		02FFAE5D6C754D9A96D41C17 /* RelWithDebInfo */ = {
			isa = XCBuildConfiguration;
			buildSettings = {
				COMBINE_HIDPI_IMAGES = YES;
				GCC_GENERATE_DEBUGGING_SYMBOLS = YES;
				GCC_INLINES_ARE_PRIVATE_EXTERN = NO;
				GCC_OPTIMIZATION_LEVEL = 0;
				GCC_PREPROCESSOR_DEFINITIONS = ("'CMAKE_INTDIR=\"$(CONFIGURATION)$(EFFECTIVE_PLATFORM_NAME)\"'");
				GCC_SYMBOLS_PRIVATE_EXTERN = NO;
				INSTALL_PATH = "";
				OTHER_LDFLAGS = ("");
				OTHER_REZFLAGS = "";
				PRODUCT_NAME = ALL_BUILD;
				SECTORDER_FLAGS = "";
				SYMROOT = "/Users/tom-harvey/dev/JazzBot/MidiFileGenerator/xcode/JUCE/tools";
				USE_HEADERMAP = NO;
				WARNING_CFLAGS = ("$(inherited)");
			};
			name = RelWithDebInfo;
		};
		1663124970CC4500A8AE2058 /* Debug */ = {
			isa = XCBuildConfiguration;
			buildSettings = {
				COMBINE_HIDPI_IMAGES = YES;
				CONFIGURATION_BUILD_DIR = "/Users/tom-harvey/dev/JazzBot/MidiFileGenerator/xcode/JUCE/tools/extras/Build/juceaide/juceaide_artefacts/Debug";
				EXECUTABLE_PREFIX = "";
				EXECUTABLE_SUFFIX = "";
				GCC_GENERATE_DEBUGGING_SYMBOLS = YES;
				GCC_INLINES_ARE_PRIVATE_EXTERN = NO;
				GCC_OPTIMIZATION_LEVEL = 0;
				GCC_PREPROCESSOR_DEFINITIONS = ("'CMAKE_INTDIR=\"$(CONFIGURATION)$(EFFECTIVE_PLATFORM_NAME)\"'","'JUCE_STANDALONE_APPLICATION=1'","'JUCE_DISABLE_JUCE_VERSION_PRINTING=1'","'JUCE_USE_CURL=0'","'JUCE_MODULE_AVAILABLE_juce_build_tools=1'","'JUCE_MODULE_AVAILABLE_juce_gui_basics=1'","'JUCE_MODULE_AVAILABLE_juce_graphics=1'","'JUCE_MODULE_AVAILABLE_juce_events=1'","'JUCE_GLOBAL_MODULE_SETTINGS_INCLUDED=1'","'DEBUG=1'","'_DEBUG=1'","'JUCE_MODULE_AVAILABLE_juce_core=1'","'JUCE_MODULE_AVAILABLE_juce_data_structures=1'");
				GCC_SYMBOLS_PRIVATE_EXTERN = NO;
				HEADER_SEARCH_PATHS = ("/Users/tom-harvey/dev/JazzBot/MidiFileGenerator/xcode/JUCE/tools/extras/Build/juceaide/juceaide_artefacts/JuceLibraryCode","/Users/tom-harvey/JUCE/extras/Build","/Users/tom-harvey/JUCE/modules","$(inherited)");
				INSTALL_PATH = "";
				OTHER_CPLUSPLUSFLAGS = "       -Wall -Wshadow-all -Wshorten-64-to-32 -Wstrict-aliasing -Wuninitialized -Wunused-parameter -Wconversion -Wsign-compare -Wint-conversion -Wconditional-uninitialized -Woverloaded-virtual -Wreorder -Wconstant-conversion -Wsign-conversion -Wunused-private-field -Wbool-conversion -Wextra-semi -Wunreachable-code -Wzero-as-null-pointer-constant -Wcast-align -Winconsistent-missing-destructor-override -Wshift-sign-overflow -Wnullable-to-nonnull-conversion -Wno-missing-field-initializers -Wno-ignored-qualifiers -Wswitch-enum -Wpedantic '-std=c++11' ";
				OTHER_LDFLAGS = (" -Wl,-search_paths_first -Wl,-headerpad_max_install_names","-framework Carbon","-framework QuartzCore","-framework Cocoa","-framework Foundation","-framework IOKit");
				OTHER_REZFLAGS = "";
				PRODUCT_NAME = juceaide;
				SECTORDER_FLAGS = "";
				SYMROOT = "/Users/tom-harvey/dev/JazzBot/MidiFileGenerator/xcode/JUCE/tools/extras/Build/juceaide";
				USE_HEADERMAP = NO;
				WARNING_CFLAGS = ("$(inherited)");
			};
			name = Debug;
		};
		2E91363C9A854983ACB639A9 /* MinSizeRel */ = {
			isa = XCBuildConfiguration;
			buildSettings = {
				COMBINE_HIDPI_IMAGES = YES;
				GCC_GENERATE_DEBUGGING_SYMBOLS = YES;
				GCC_INLINES_ARE_PRIVATE_EXTERN = NO;
				GCC_OPTIMIZATION_LEVEL = 0;
				GCC_PREPROCESSOR_DEFINITIONS = ("'CMAKE_INTDIR=\"$(CONFIGURATION)$(EFFECTIVE_PLATFORM_NAME)\"'");
				GCC_SYMBOLS_PRIVATE_EXTERN = NO;
				INSTALL_PATH = "";
				OTHER_LDFLAGS = ("");
				OTHER_REZFLAGS = "";
				PRODUCT_NAME = install;
				SECTORDER_FLAGS = "";
				SYMROOT = "/Users/tom-harvey/dev/JazzBot/MidiFileGenerator/xcode/JUCE/tools";
				USE_HEADERMAP = NO;
				WARNING_CFLAGS = ("$(inherited)");
			};
			name = MinSizeRel;
		};
		3BEC00E48BC54772B482010E /* Release */ = {
			isa = XCBuildConfiguration;
			buildSettings = {
				COMBINE_HIDPI_IMAGES = YES;
				GCC_GENERATE_DEBUGGING_SYMBOLS = YES;
				GCC_INLINES_ARE_PRIVATE_EXTERN = NO;
				GCC_OPTIMIZATION_LEVEL = 0;
				GCC_PREPROCESSOR_DEFINITIONS = ("'CMAKE_INTDIR=\"$(CONFIGURATION)$(EFFECTIVE_PLATFORM_NAME)\"'");
				GCC_SYMBOLS_PRIVATE_EXTERN = NO;
				INSTALL_PATH = "";
				OTHER_LDFLAGS = ("");
				OTHER_REZFLAGS = "";
				PRODUCT_NAME = install;
				SECTORDER_FLAGS = "";
				SYMROOT = "/Users/tom-harvey/dev/JazzBot/MidiFileGenerator/xcode/JUCE/tools";
				USE_HEADERMAP = NO;
				WARNING_CFLAGS = ("$(inherited)");
			};
			name = Release;
		};
		3DF9205C1CB64FDAA86F9E61 /* MinSizeRel */ = {
			isa = XCBuildConfiguration;
			buildSettings = {
				COMBINE_HIDPI_IMAGES = YES;
				GCC_GENERATE_DEBUGGING_SYMBOLS = YES;
				GCC_INLINES_ARE_PRIVATE_EXTERN = NO;
				GCC_OPTIMIZATION_LEVEL = 0;
				GCC_PREPROCESSOR_DEFINITIONS = ("'CMAKE_INTDIR=\"$(CONFIGURATION)$(EFFECTIVE_PLATFORM_NAME)\"'");
				GCC_SYMBOLS_PRIVATE_EXTERN = NO;
				INSTALL_PATH = "";
				OTHER_LDFLAGS = ("");
				OTHER_REZFLAGS = "";
				PRODUCT_NAME = ZERO_CHECK;
				SECTORDER_FLAGS = "";
				SYMROOT = "/Users/tom-harvey/dev/JazzBot/MidiFileGenerator/xcode/JUCE/tools";
				USE_HEADERMAP = NO;
				WARNING_CFLAGS = ("$(inherited)");
			};
			name = MinSizeRel;
		};
		43104A1461144DE3B40A600B /* Release */ = {
			isa = XCBuildConfiguration;
			buildSettings = {
				COMBINE_HIDPI_IMAGES = YES;
				CONFIGURATION_BUILD_DIR = "/Users/tom-harvey/dev/JazzBot/MidiFileGenerator/xcode/JUCE/tools/extras/Build/juceaide/juceaide_artefacts/Release";
				EXECUTABLE_PREFIX = "";
				EXECUTABLE_SUFFIX = "";
				GCC_GENERATE_DEBUGGING_SYMBOLS = NO;
				GCC_INLINES_ARE_PRIVATE_EXTERN = NO;
				GCC_OPTIMIZATION_LEVEL = 3;
				GCC_PREPROCESSOR_DEFINITIONS = ("'CMAKE_INTDIR=\"$(CONFIGURATION)$(EFFECTIVE_PLATFORM_NAME)\"'","'JUCE_STANDALONE_APPLICATION=1'","'JUCE_DISABLE_JUCE_VERSION_PRINTING=1'","'JUCE_USE_CURL=0'","'JUCE_MODULE_AVAILABLE_juce_build_tools=1'","'JUCE_MODULE_AVAILABLE_juce_gui_basics=1'","'JUCE_MODULE_AVAILABLE_juce_graphics=1'","'JUCE_MODULE_AVAILABLE_juce_events=1'","'JUCE_GLOBAL_MODULE_SETTINGS_INCLUDED=1'","'NDEBUG=1'","'_NDEBUG=1'","'JUCE_MODULE_AVAILABLE_juce_core=1'","'JUCE_MODULE_AVAILABLE_juce_data_structures=1'");
				GCC_SYMBOLS_PRIVATE_EXTERN = NO;
				HEADER_SEARCH_PATHS = ("/Users/tom-harvey/dev/JazzBot/MidiFileGenerator/xcode/JUCE/tools/extras/Build/juceaide/juceaide_artefacts/JuceLibraryCode","/Users/tom-harvey/JUCE/extras/Build","/Users/tom-harvey/JUCE/modules","$(inherited)");
				INSTALL_PATH = "";
				OTHER_CPLUSPLUSFLAGS = "    -flto -Wall -Wshadow-all -Wshorten-64-to-32 -Wstrict-aliasing -Wuninitialized -Wunused-parameter -Wconversion -Wsign-compare -Wint-conversion -Wconditional-uninitialized -Woverloaded-virtual -Wreorder -Wconstant-conversion -Wsign-conversion -Wunused-private-field -Wbool-conversion -Wextra-semi -Wunreachable-code -Wzero-as-null-pointer-constant -Wcast-align -Winconsistent-missing-destructor-override -Wshift-sign-overflow -Wnullable-to-nonnull-conversion -Wno-missing-field-initializers -Wno-ignored-qualifiers -Wswitch-enum -Wpedantic '-std=c++11' ";
				OTHER_LDFLAGS = (" -Wl,-search_paths_first -Wl,-headerpad_max_install_names","-framework Carbon","-framework QuartzCore","-framework Cocoa","-framework Foundation","-framework IOKit","-flto");
				OTHER_REZFLAGS = "";
				PRODUCT_NAME = juceaide;
				SECTORDER_FLAGS = "";
				SYMROOT = "/Users/tom-harvey/dev/JazzBot/MidiFileGenerator/xcode/JUCE/tools/extras/Build/juceaide";
				USE_HEADERMAP = NO;
				WARNING_CFLAGS = ("$(inherited)");
			};
			name = Release;
		};
		471E336BCBAB4CA789D084AB /* MinSizeRel */ = {
			isa = XCBuildConfiguration;
			buildSettings = {
				ARCHS = "$(NATIVE_ARCH_ACTUAL)";
				MACOSX_DEPLOYMENT_TARGET = 10.15;
				ONLY_ACTIVE_ARCH = YES;
				SDKROOT = /Applications/Xcode.app/Contents/Developer/Platforms/MacOSX.platform/Developer/SDKs/MacOSX11.1.sdk;
				SYMROOT = "/Users/tom-harvey/dev/JazzBot/MidiFileGenerator/xcode/JUCE/tools/build";
			};
			name = MinSizeRel;
		};
		54D0A90EB8344119A9751988 /* Release */ = {
			isa = XCBuildConfiguration;
			buildSettings = {
				ARCHS = "$(NATIVE_ARCH_ACTUAL)";
				MACOSX_DEPLOYMENT_TARGET = 10.15;
				ONLY_ACTIVE_ARCH = YES;
				SDKROOT = /Applications/Xcode.app/Contents/Developer/Platforms/MacOSX.platform/Developer/SDKs/MacOSX11.1.sdk;
				SYMROOT = "/Users/tom-harvey/dev/JazzBot/MidiFileGenerator/xcode/JUCE/tools/build";
			};
			name = Release;
		};
		6E3368A147D94DD0A2222B95 /* MinSizeRel */ = {
			isa = XCBuildConfiguration;
			buildSettings = {
				COMBINE_HIDPI_IMAGES = YES;
				GCC_GENERATE_DEBUGGING_SYMBOLS = YES;
				GCC_INLINES_ARE_PRIVATE_EXTERN = NO;
				GCC_OPTIMIZATION_LEVEL = 0;
				GCC_PREPROCESSOR_DEFINITIONS = ("'CMAKE_INTDIR=\"$(CONFIGURATION)$(EFFECTIVE_PLATFORM_NAME)\"'");
				GCC_SYMBOLS_PRIVATE_EXTERN = NO;
				INSTALL_PATH = "";
				OTHER_LDFLAGS = ("");
				OTHER_REZFLAGS = "";
				PRODUCT_NAME = ALL_BUILD;
				SECTORDER_FLAGS = "";
				SYMROOT = "/Users/tom-harvey/dev/JazzBot/MidiFileGenerator/xcode/JUCE/tools";
				USE_HEADERMAP = NO;
				WARNING_CFLAGS = ("$(inherited)");
			};
			name = MinSizeRel;
		};
		753AC032738B430AAF441669 /* RelWithDebInfo */ = {
			isa = XCBuildConfiguration;
			buildSettings = {
				COMBINE_HIDPI_IMAGES = YES;
				GCC_GENERATE_DEBUGGING_SYMBOLS = YES;
				GCC_INLINES_ARE_PRIVATE_EXTERN = NO;
				GCC_OPTIMIZATION_LEVEL = 0;
				GCC_PREPROCESSOR_DEFINITIONS = ("'CMAKE_INTDIR=\"$(CONFIGURATION)$(EFFECTIVE_PLATFORM_NAME)\"'");
				GCC_SYMBOLS_PRIVATE_EXTERN = NO;
				INSTALL_PATH = "";
				OTHER_LDFLAGS = ("");
				OTHER_REZFLAGS = "";
				PRODUCT_NAME = ZERO_CHECK;
				SECTORDER_FLAGS = "";
				SYMROOT = "/Users/tom-harvey/dev/JazzBot/MidiFileGenerator/xcode/JUCE/tools";
				USE_HEADERMAP = NO;
				WARNING_CFLAGS = ("$(inherited)");
			};
			name = RelWithDebInfo;
		};
		7D6330B1FE7A46408B17C41F /* Debug */ = {
			isa = XCBuildConfiguration;
			buildSettings = {
				COMBINE_HIDPI_IMAGES = YES;
				GCC_GENERATE_DEBUGGING_SYMBOLS = YES;
				GCC_INLINES_ARE_PRIVATE_EXTERN = NO;
				GCC_OPTIMIZATION_LEVEL = 0;
				GCC_PREPROCESSOR_DEFINITIONS = ("'CMAKE_INTDIR=\"$(CONFIGURATION)$(EFFECTIVE_PLATFORM_NAME)\"'");
				GCC_SYMBOLS_PRIVATE_EXTERN = NO;
				INSTALL_PATH = "";
				OTHER_LDFLAGS = ("");
				OTHER_REZFLAGS = "";
				PRODUCT_NAME = ALL_BUILD;
				SECTORDER_FLAGS = "";
				SYMROOT = "/Users/tom-harvey/dev/JazzBot/MidiFileGenerator/xcode/JUCE/tools";
				USE_HEADERMAP = NO;
				WARNING_CFLAGS = ("$(inherited)");
			};
			name = Debug;
		};
		803D597E1B894FF2AFA9B878 /* RelWithDebInfo */ = {
			isa = XCBuildConfiguration;
			buildSettings = {
				COMBINE_HIDPI_IMAGES = YES;
				CONFIGURATION_BUILD_DIR = "/Users/tom-harvey/dev/JazzBot/MidiFileGenerator/xcode/JUCE/tools/extras/Build/juceaide/juceaide_artefacts/RelWithDebInfo";
				EXECUTABLE_PREFIX = "";
				EXECUTABLE_SUFFIX = "";
				GCC_GENERATE_DEBUGGING_SYMBOLS = NO;
				GCC_INLINES_ARE_PRIVATE_EXTERN = NO;
				GCC_OPTIMIZATION_LEVEL = 0;
				GCC_PREPROCESSOR_DEFINITIONS = ("'CMAKE_INTDIR=\"$(CONFIGURATION)$(EFFECTIVE_PLATFORM_NAME)\"'","'JUCE_STANDALONE_APPLICATION=1'","'JUCE_DISABLE_JUCE_VERSION_PRINTING=1'","'JUCE_USE_CURL=0'","'JUCE_MODULE_AVAILABLE_juce_build_tools=1'","'JUCE_MODULE_AVAILABLE_juce_gui_basics=1'","'JUCE_MODULE_AVAILABLE_juce_graphics=1'","'JUCE_MODULE_AVAILABLE_juce_events=1'","'JUCE_GLOBAL_MODULE_SETTINGS_INCLUDED=1'","'NDEBUG=1'","'_NDEBUG=1'","'JUCE_MODULE_AVAILABLE_juce_core=1'","'JUCE_MODULE_AVAILABLE_juce_data_structures=1'");
				GCC_SYMBOLS_PRIVATE_EXTERN = NO;
				HEADER_SEARCH_PATHS = ("/Users/tom-harvey/dev/JazzBot/MidiFileGenerator/xcode/JUCE/tools/extras/Build/juceaide/juceaide_artefacts/JuceLibraryCode","/Users/tom-harvey/JUCE/extras/Build","/Users/tom-harvey/JUCE/modules","$(inherited)");
				INSTALL_PATH = "";
				OTHER_CPLUSPLUSFLAGS = "-Wall -Wshadow-all -Wshorten-64-to-32 -Wstrict-aliasing -Wuninitialized -Wunused-parameter -Wconversion -Wsign-compare -Wint-conversion -Wconditional-uninitialized -Woverloaded-virtual -Wreorder -Wconstant-conversion -Wsign-conversion -Wunused-private-field -Wbool-conversion -Wextra-semi -Wunreachable-code -Wzero-as-null-pointer-constant -Wcast-align -Winconsistent-missing-destructor-override -Wshift-sign-overflow -Wnullable-to-nonnull-conversion -Wno-missing-field-initializers -Wno-ignored-qualifiers -Wswitch-enum -Wpedantic '-std=c++11' ";
				OTHER_LDFLAGS = (" -Wl,-search_paths_first -Wl,-headerpad_max_install_names","-framework Carbon","-framework QuartzCore","-framework Cocoa","-framework Foundation","-framework IOKit");
				OTHER_REZFLAGS = "";
				PRODUCT_NAME = juceaide;
				SECTORDER_FLAGS = "";
				SYMROOT = "/Users/tom-harvey/dev/JazzBot/MidiFileGenerator/xcode/JUCE/tools/extras/Build/juceaide";
				USE_HEADERMAP = NO;
				WARNING_CFLAGS = ("$(inherited)");
			};
			name = RelWithDebInfo;
		};
		8BB2C386986D4D9EAB89B9F3 /* Debug */ = {
			isa = XCBuildConfiguration;
			buildSettings = {
				COMBINE_HIDPI_IMAGES = YES;
				GCC_GENERATE_DEBUGGING_SYMBOLS = YES;
				GCC_INLINES_ARE_PRIVATE_EXTERN = NO;
				GCC_OPTIMIZATION_LEVEL = 0;
				GCC_PREPROCESSOR_DEFINITIONS = ("'CMAKE_INTDIR=\"$(CONFIGURATION)$(EFFECTIVE_PLATFORM_NAME)\"'");
				GCC_SYMBOLS_PRIVATE_EXTERN = NO;
				INSTALL_PATH = "";
				OTHER_LDFLAGS = ("");
				OTHER_REZFLAGS = "";
				PRODUCT_NAME = install;
				SECTORDER_FLAGS = "";
				SYMROOT = "/Users/tom-harvey/dev/JazzBot/MidiFileGenerator/xcode/JUCE/tools";
				USE_HEADERMAP = NO;
				WARNING_CFLAGS = ("$(inherited)");
			};
			name = Debug;
		};
		8D253F62A3CA4928B9102D3F /* Release */ = {
			isa = XCBuildConfiguration;
			buildSettings = {
				COMBINE_HIDPI_IMAGES = YES;
				GCC_GENERATE_DEBUGGING_SYMBOLS = YES;
				GCC_INLINES_ARE_PRIVATE_EXTERN = NO;
				GCC_OPTIMIZATION_LEVEL = 0;
				GCC_PREPROCESSOR_DEFINITIONS = ("'CMAKE_INTDIR=\"$(CONFIGURATION)$(EFFECTIVE_PLATFORM_NAME)\"'");
				GCC_SYMBOLS_PRIVATE_EXTERN = NO;
				INSTALL_PATH = "";
				OTHER_LDFLAGS = ("");
				OTHER_REZFLAGS = "";
				PRODUCT_NAME = ALL_BUILD;
				SECTORDER_FLAGS = "";
				SYMROOT = "/Users/tom-harvey/dev/JazzBot/MidiFileGenerator/xcode/JUCE/tools";
				USE_HEADERMAP = NO;
				WARNING_CFLAGS = ("$(inherited)");
			};
			name = Release;
		};
		8DACAB8FE5C84EFBB162CFD7 /* Release */ = {
			isa = XCBuildConfiguration;
			buildSettings = {
				COMBINE_HIDPI_IMAGES = YES;
				GCC_GENERATE_DEBUGGING_SYMBOLS = YES;
				GCC_INLINES_ARE_PRIVATE_EXTERN = NO;
				GCC_OPTIMIZATION_LEVEL = 0;
				GCC_PREPROCESSOR_DEFINITIONS = ("'CMAKE_INTDIR=\"$(CONFIGURATION)$(EFFECTIVE_PLATFORM_NAME)\"'");
				GCC_SYMBOLS_PRIVATE_EXTERN = NO;
				INSTALL_PATH = "";
				OTHER_LDFLAGS = ("");
				OTHER_REZFLAGS = "";
				PRODUCT_NAME = ZERO_CHECK;
				SECTORDER_FLAGS = "";
				SYMROOT = "/Users/tom-harvey/dev/JazzBot/MidiFileGenerator/xcode/JUCE/tools";
				USE_HEADERMAP = NO;
				WARNING_CFLAGS = ("$(inherited)");
			};
			name = Release;
		};
		8EC2EDB7B65B42F3AAAD0F03 /* Debug */ = {
			isa = XCBuildConfiguration;
			buildSettings = {
				COMBINE_HIDPI_IMAGES = YES;
				GCC_GENERATE_DEBUGGING_SYMBOLS = YES;
				GCC_INLINES_ARE_PRIVATE_EXTERN = NO;
				GCC_OPTIMIZATION_LEVEL = 0;
				GCC_PREPROCESSOR_DEFINITIONS = ("'CMAKE_INTDIR=\"$(CONFIGURATION)$(EFFECTIVE_PLATFORM_NAME)\"'");
				GCC_SYMBOLS_PRIVATE_EXTERN = NO;
				INSTALL_PATH = "";
				OTHER_LDFLAGS = ("");
				OTHER_REZFLAGS = "";
				PRODUCT_NAME = ZERO_CHECK;
				SECTORDER_FLAGS = "";
				SYMROOT = "/Users/tom-harvey/dev/JazzBot/MidiFileGenerator/xcode/JUCE/tools";
				USE_HEADERMAP = NO;
				WARNING_CFLAGS = ("$(inherited)");
			};
			name = Debug;
		};
		95AF336978FA4A648A28D11D /* MinSizeRel */ = {
			isa = XCBuildConfiguration;
			buildSettings = {
				COMBINE_HIDPI_IMAGES = YES;
				CONFIGURATION_BUILD_DIR = "/Users/tom-harvey/dev/JazzBot/MidiFileGenerator/xcode/JUCE/tools/extras/Build/juceaide/juceaide_artefacts/MinSizeRel";
				EXECUTABLE_PREFIX = "";
				EXECUTABLE_SUFFIX = "";
				GCC_GENERATE_DEBUGGING_SYMBOLS = NO;
				GCC_INLINES_ARE_PRIVATE_EXTERN = NO;
				GCC_OPTIMIZATION_LEVEL = 0;
				GCC_PREPROCESSOR_DEFINITIONS = ("'CMAKE_INTDIR=\"$(CONFIGURATION)$(EFFECTIVE_PLATFORM_NAME)\"'","'JUCE_STANDALONE_APPLICATION=1'","'JUCE_DISABLE_JUCE_VERSION_PRINTING=1'","'JUCE_USE_CURL=0'","'JUCE_MODULE_AVAILABLE_juce_build_tools=1'","'JUCE_MODULE_AVAILABLE_juce_gui_basics=1'","'JUCE_MODULE_AVAILABLE_juce_graphics=1'","'JUCE_MODULE_AVAILABLE_juce_events=1'","'JUCE_GLOBAL_MODULE_SETTINGS_INCLUDED=1'","'NDEBUG=1'","'_NDEBUG=1'","'JUCE_MODULE_AVAILABLE_juce_core=1'","'JUCE_MODULE_AVAILABLE_juce_data_structures=1'");
				GCC_SYMBOLS_PRIVATE_EXTERN = NO;
				HEADER_SEARCH_PATHS = ("/Users/tom-harvey/dev/JazzBot/MidiFileGenerator/xcode/JUCE/tools/extras/Build/juceaide/juceaide_artefacts/JuceLibraryCode","/Users/tom-harvey/JUCE/extras/Build","/Users/tom-harvey/JUCE/modules","$(inherited)");
				INSTALL_PATH = "";
				OTHER_CPLUSPLUSFLAGS = "-Wall -Wshadow-all -Wshorten-64-to-32 -Wstrict-aliasing -Wuninitialized -Wunused-parameter -Wconversion -Wsign-compare -Wint-conversion -Wconditional-uninitialized -Woverloaded-virtual -Wreorder -Wconstant-conversion -Wsign-conversion -Wunused-private-field -Wbool-conversion -Wextra-semi -Wunreachable-code -Wzero-as-null-pointer-constant -Wcast-align -Winconsistent-missing-destructor-override -Wshift-sign-overflow -Wnullable-to-nonnull-conversion -Wno-missing-field-initializers -Wno-ignored-qualifiers -Wswitch-enum -Wpedantic '-std=c++11' ";
				OTHER_LDFLAGS = (" -Wl,-search_paths_first -Wl,-headerpad_max_install_names","-framework Carbon","-framework QuartzCore","-framework Cocoa","-framework Foundation","-framework IOKit");
				OTHER_REZFLAGS = "";
				PRODUCT_NAME = juceaide;
				SECTORDER_FLAGS = "";
				SYMROOT = "/Users/tom-harvey/dev/JazzBot/MidiFileGenerator/xcode/JUCE/tools/extras/Build/juceaide";
				USE_HEADERMAP = NO;
				WARNING_CFLAGS = ("$(inherited)");
			};
			name = MinSizeRel;
		};
		9A378DACBABD441D8FF77420 /* RelWithDebInfo */ = {
			isa = XCBuildConfiguration;
			buildSettings = {
				ARCHS = "$(NATIVE_ARCH_ACTUAL)";
				MACOSX_DEPLOYMENT_TARGET = 10.15;
				ONLY_ACTIVE_ARCH = YES;
				SDKROOT = /Applications/Xcode.app/Contents/Developer/Platforms/MacOSX.platform/Developer/SDKs/MacOSX11.1.sdk;
				SYMROOT = "/Users/tom-harvey/dev/JazzBot/MidiFileGenerator/xcode/JUCE/tools/build";
			};
			name = RelWithDebInfo;
		};
		E8D37BF6C55B4749872E33AE /* Debug */ = {
			isa = XCBuildConfiguration;
			buildSettings = {
				ARCHS = "$(NATIVE_ARCH_ACTUAL)";
				MACOSX_DEPLOYMENT_TARGET = 10.15;
				ONLY_ACTIVE_ARCH = YES;
				SDKROOT = /Applications/Xcode.app/Contents/Developer/Platforms/MacOSX.platform/Developer/SDKs/MacOSX11.1.sdk;
				SYMROOT = "/Users/tom-harvey/dev/JazzBot/MidiFileGenerator/xcode/JUCE/tools/build";
			};
			name = Debug;
		};
/* End XCBuildConfiguration section */

/* Begin XCConfigurationList section */
		0EE6397F638F4B94A0931E4F /* Build configuration list for PBXAggregateTarget "ZERO_CHECK" */ = {
			isa = XCConfigurationList;
			buildConfigurations = (
				8EC2EDB7B65B42F3AAAD0F03 /* Debug */,
				8DACAB8FE5C84EFBB162CFD7 /* Release */,
				3DF9205C1CB64FDAA86F9E61 /* MinSizeRel */,
				753AC032738B430AAF441669 /* RelWithDebInfo */,
			);
			defaultConfigurationIsVisible = 0;
			defaultConfigurationName = Debug;
		};
		30E545A1BE7A47C4BC2B4390 /* Build configuration list for PBXProject "JUCE" */ = {
			isa = XCConfigurationList;
			buildConfigurations = (
				E8D37BF6C55B4749872E33AE /* Debug */,
				54D0A90EB8344119A9751988 /* Release */,
				471E336BCBAB4CA789D084AB /* MinSizeRel */,
				9A378DACBABD441D8FF77420 /* RelWithDebInfo */,
			);
			defaultConfigurationIsVisible = 0;
			defaultConfigurationName = Debug;
		};
		47368F8C4A16442A828FFDC0 /* Build configuration list for PBXAggregateTarget "ALL_BUILD" */ = {
			isa = XCConfigurationList;
			buildConfigurations = (
				7D6330B1FE7A46408B17C41F /* Debug */,
				8D253F62A3CA4928B9102D3F /* Release */,
				6E3368A147D94DD0A2222B95 /* MinSizeRel */,
				02FFAE5D6C754D9A96D41C17 /* RelWithDebInfo */,
			);
			defaultConfigurationIsVisible = 0;
			defaultConfigurationName = Debug;
		};
		AB4EE6B52C334B66843A8F89 /* Build configuration list for PBXAggregateTarget "install" */ = {
			isa = XCConfigurationList;
			buildConfigurations = (
				8BB2C386986D4D9EAB89B9F3 /* Debug */,
				3BEC00E48BC54772B482010E /* Release */,
				2E91363C9A854983ACB639A9 /* MinSizeRel */,
				0082D7DABD26424494D2B992 /* RelWithDebInfo */,
			);
			defaultConfigurationIsVisible = 0;
			defaultConfigurationName = Debug;
		};
		E63276DB7F664C9D88680349 /* Build configuration list for PBXNativeTarget "juceaide" */ = {
			isa = XCConfigurationList;
			buildConfigurations = (
				1663124970CC4500A8AE2058 /* Debug */,
				43104A1461144DE3B40A600B /* Release */,
				95AF336978FA4A648A28D11D /* MinSizeRel */,
				803D597E1B894FF2AFA9B878 /* RelWithDebInfo */,
			);
			defaultConfigurationIsVisible = 0;
			defaultConfigurationName = Debug;
		};
/* End XCConfigurationList section */
	};
	rootObject = CF777FD37B274C4D98E65F3E /* Project object */;
}
